
Microsoft Visual Studio Solution File, Format Version 12.00
# Visual Studio Version 16
VisualStudioVersion = 16.0.29911.84
MinimumVisualStudioVersion = 10.0.40219.1
Project("{9A19103F-16F7-4668-BE54-9A1E7A4F7556}") = "WebApp_GoodBank", "WebApp_GoodBank\WebApp_GoodBank.csproj", "{EE5044BA-16DB-4F20-B26E-2CB6A450897C}"
EndProject
Project("{9A19103F-16F7-4668-BE54-9A1E7A4F7556}") = "WebApp_MaliciousSite", "WebApp_MaliciousSite\WebApp_MaliciousSite.csproj", "{4C83C2DB-C65A-4FEC-B4EB-A39CF37DB0B6}"
EndProject
Project("{9A19103F-16F7-4668-BE54-9A1E7A4F7556}") = "WebApp_BadBank", "WebApp_BadBank\WebApp_BadBank.csproj", "{6E4BBBA4-567A-447B-B312-7C0D12E710E1}"
EndProject
Global
	GlobalSection(SolutionConfigurationPlatforms) = preSolution
		Debug|Any CPU = Debug|Any CPU
		Release|Any CPU = Release|Any CPU
	EndGlobalSection
	GlobalSection(ProjectConfigurationPlatforms) = postSolution
		{EE5044BA-16DB-4F20-B26E-2CB6A450897C}.Debug|Any CPU.ActiveCfg = Debug|Any CPU
		{EE5044BA-16DB-4F20-B26E-2CB6A450897C}.Debug|Any CPU.Build.0 = Debug|Any CPU
		{EE5044BA-16DB-4F20-B26E-2CB6A450897C}.Release|Any CPU.ActiveCfg = Release|Any CPU
		{EE5044BA-16DB-4F20-B26E-2CB6A450897C}.Release|Any CPU.Build.0 = Release|Any CPU
		{4C83C2DB-C65A-4FEC-B4EB-A39CF37DB0B6}.Debug|Any CPU.ActiveCfg = Debug|Any CPU
		{4C83C2DB-C65A-4FEC-B4EB-A39CF37DB0B6}.Debug|Any CPU.Build.0 = Debug|Any CPU
		{4C83C2DB-C65A-4FEC-B4EB-A39CF37DB0B6}.Release|Any CPU.ActiveCfg = Release|Any CPU
		{4C83C2DB-C65A-4FEC-B4EB-A39CF37DB0B6}.Release|Any CPU.Build.0 = Release|Any CPU
		{6E4BBBA4-567A-447B-B312-7C0D12E710E1}.Debug|Any CPU.ActiveCfg = Debug|Any CPU
		{6E4BBBA4-567A-447B-B312-7C0D12E710E1}.Debug|Any CPU.Build.0 = Debug|Any CPU
		{6E4BBBA4-567A-447B-B312-7C0D12E710E1}.Release|Any CPU.ActiveCfg = Release|Any CPU
		{6E4BBBA4-567A-447B-B312-7C0D12E710E1}.Release|Any CPU.Build.0 = Release|Any CPU
	EndGlobalSection
	GlobalSection(SolutionProperties) = preSolution
		HideSolutionNode = FALSE
	EndGlobalSection
	GlobalSection(ExtensibilityGlobals) = postSolution
		SolutionGuid = {96B5BAB3-7C4B-481D-9C34-4E4A89CAF0C9}
	EndGlobalSection
EndGlobal
